
Microsoft Visual Studio Solution File, Format Version 12.00
# Visual Studio Version 17
VisualStudioVersion = 17.4.33122.133
MinimumVisualStudioVersion = 10.0.40219.1
Project("{FAE04EC0-301F-11D3-BF4B-00C04F79EFBC}") = "SortApp", "SortApp.csproj", "{502B44B6-D482-4EF6-92BA-2203FE3A93FF}"
EndProject
Global
	GlobalSection(SolutionConfigurationPlatforms) = preSolution
		Debug|Any CPU = Debug|Any CPU
		Release|Any CPU = Release|Any CPU
	EndGlobalSection
	GlobalSection(ProjectConfigurationPlatforms) = postSolution
		{502B44B6-D482-4EF6-92BA-2203FE3A93FF}.Debug|Any CPU.ActiveCfg = Debug|Any CPU
		{502B44B6-D482-4EF6-92BA-2203FE3A93FF}.Debug|Any CPU.Build.0 = Debug|Any CPU
		{502B44B6-D482-4EF6-92BA-2203FE3A93FF}.Release|Any CPU.ActiveCfg = Release|Any CPU
		{502B44B6-D482-4EF6-92BA-2203FE3A93FF}.Release|Any CPU.Build.0 = Release|Any CPU
	EndGlobalSection
	GlobalSection(SolutionProperties) = preSolution
		HideSolutionNode = FALSE
	EndGlobalSection
	GlobalSection(ExtensibilityGlobals) = postSolution
		SolutionGuid = {6C7A6A4D-06A5-4B8F-BE11-D80B117382D4}
	EndGlobalSection
EndGlobal
